
Microsoft Visual Studio Solution File, Format Version 12.00
# Visual Studio Version 16
VisualStudioVersion = 16.0.31410.357
MinimumVisualStudioVersion = 10.0.40219.1
Project("{9A19103F-16F7-4668-BE54-9A1E7A4F7556}") = "Entity", "Entity\Entity.csproj", "{FA1F3AB1-5470-4EAB-B6B5-4C6C9400BBE6}"
EndProject
Project("{9A19103F-16F7-4668-BE54-9A1E7A4F7556}") = "DataAccess", "DataAccess\DataAccess.csproj", "{069D326E-3958-4ABE-91F3-767B89F1452B}"
EndProject
Project("{9A19103F-16F7-4668-BE54-9A1E7A4F7556}") = "Business", "Business\Business.csproj", "{0E224BED-01DC-487C-B44A-2CD901AB367C}"
EndProject
Project("{9A19103F-16F7-4668-BE54-9A1E7A4F7556}") = "Core", "Core\Core.csproj", "{A2B10A27-63B6-4B40-BC17-9F5C03681400}"
EndProject
Project("{9A19103F-16F7-4668-BE54-9A1E7A4F7556}") = "WebAPI", "WebAPI\WebAPI.csproj", "{FEA4E849-147E-483D-920B-4139F8F96A93}"
EndProject
Global
	GlobalSection(SolutionConfigurationPlatforms) = preSolution
		Debug|Any CPU = Debug|Any CPU
		Release|Any CPU = Release|Any CPU
	EndGlobalSection
	GlobalSection(ProjectConfigurationPlatforms) = postSolution
		{FA1F3AB1-5470-4EAB-B6B5-4C6C9400BBE6}.Debug|Any CPU.ActiveCfg = Debug|Any CPU
		{FA1F3AB1-5470-4EAB-B6B5-4C6C9400BBE6}.Debug|Any CPU.Build.0 = Debug|Any CPU
		{FA1F3AB1-5470-4EAB-B6B5-4C6C9400BBE6}.Release|Any CPU.ActiveCfg = Release|Any CPU
		{FA1F3AB1-5470-4EAB-B6B5-4C6C9400BBE6}.Release|Any CPU.Build.0 = Release|Any CPU
		{069D326E-3958-4ABE-91F3-767B89F1452B}.Debug|Any CPU.ActiveCfg = Debug|Any CPU
		{069D326E-3958-4ABE-91F3-767B89F1452B}.Debug|Any CPU.Build.0 = Debug|Any CPU
		{069D326E-3958-4ABE-91F3-767B89F1452B}.Release|Any CPU.ActiveCfg = Release|Any CPU
		{069D326E-3958-4ABE-91F3-767B89F1452B}.Release|Any CPU.Build.0 = Release|Any CPU
		{0E224BED-01DC-487C-B44A-2CD901AB367C}.Debug|Any CPU.ActiveCfg = Debug|Any CPU
		{0E224BED-01DC-487C-B44A-2CD901AB367C}.Debug|Any CPU.Build.0 = Debug|Any CPU
		{0E224BED-01DC-487C-B44A-2CD901AB367C}.Release|Any CPU.ActiveCfg = Release|Any CPU
		{0E224BED-01DC-487C-B44A-2CD901AB367C}.Release|Any CPU.Build.0 = Release|Any CPU
		{A2B10A27-63B6-4B40-BC17-9F5C03681400}.Debug|Any CPU.ActiveCfg = Debug|Any CPU
		{A2B10A27-63B6-4B40-BC17-9F5C03681400}.Debug|Any CPU.Build.0 = Debug|Any CPU
		{A2B10A27-63B6-4B40-BC17-9F5C03681400}.Release|Any CPU.ActiveCfg = Release|Any CPU
		{A2B10A27-63B6-4B40-BC17-9F5C03681400}.Release|Any CPU.Build.0 = Release|Any CPU
		{FEA4E849-147E-483D-920B-4139F8F96A93}.Debug|Any CPU.ActiveCfg = Debug|Any CPU
		{FEA4E849-147E-483D-920B-4139F8F96A93}.Debug|Any CPU.Build.0 = Debug|Any CPU
		{FEA4E849-147E-483D-920B-4139F8F96A93}.Release|Any CPU.ActiveCfg = Release|Any CPU
		{FEA4E849-147E-483D-920B-4139F8F96A93}.Release|Any CPU.Build.0 = Release|Any CPU
	EndGlobalSection
	GlobalSection(SolutionProperties) = preSolution
		HideSolutionNode = FALSE
	EndGlobalSection
	GlobalSection(ExtensibilityGlobals) = postSolution
		SolutionGuid = {53FA1DD2-A772-4BC7-BF0B-4BC084E79F3B}
	EndGlobalSection
EndGlobal
